// !$*UTF8*$!
{
	archiveVersion = 1;
	classes = {
	};
	objectVersion = 56;
	objects = {

/* Begin PBXBuildFile section */
		1A0000012C00000000000001 /* VestaApp.swift in Sources */ = {isa = PBXBuildFile; fileRef = 1A0001012C00000000000001 /* VestaApp.swift */; };
		1A0000022C00000000000001 /* ContentView.swift in Sources */ = {isa = PBXBuildFile; fileRef = 1A0001022C00000000000001 /* ContentView.swift */; };
		1A0000032C00000000000001 /* VestaAPI.swift in Sources */ = {isa = PBXBuildFile; fileRef = 1A0001032C00000000000001 /* VestaAPI.swift */; };
		1A0000042C00000000000001 /* LogVoiceIntent.swift in Sources */ = {isa = PBXBuildFile; fileRef = 1A0001042C00000000000001 /* LogVoiceIntent.swift */; };
		1A0000052C00000000000001 /* CalendarStats.swift in Sources */ = {isa = PBXBuildFile; fileRef = 1A0001072C00000000000001 /* CalendarStats.swift */; };
		1A0000062C00000000000001 /* HorizonCalendar in Frameworks */ = {isa = PBXBuildFile; productRef = 1A000A022C00000000000001 /* HorizonCalendar */; };
		1A0000072C00000000000001 /* VestaCaptureViewModel.swift in Sources */ = {isa = PBXBuildFile; fileRef = 1A0001082C00000000000001 /* VestaCaptureViewModel.swift */; };
		1A0000082C00000000000001 /* VestaTheme.swift in Sources */ = {isa = PBXBuildFile; fileRef = 1A0001092C00000000000001 /* VestaTheme.swift */; };
		1A0000092C00000000000001 /* TopChrome.swift in Sources */ = {isa = PBXBuildFile; fileRef = 1A00010B2C00000000000001 /* TopChrome.swift */; };
		1A00000B2C00000000000001 /* CaptureInputViews.swift in Sources */ = {isa = PBXBuildFile; fileRef = 1A00010C2C00000000000001 /* CaptureInputViews.swift */; };
		1A00000C2C00000000000001 /* CaptureDetailSheet.swift in Sources */ = {isa = PBXBuildFile; fileRef = 1A00010D2C00000000000001 /* CaptureDetailSheet.swift */; };
		1A00000D2C00000000000001 /* CalendarViews.swift in Sources */ = {isa = PBXBuildFile; fileRef = 1A00010E2C00000000000001 /* CalendarViews.swift */; };
		1A00000E2C00000000000001 /* VestaPresentation.swift in Sources */ = {isa = PBXBuildFile; fileRef = 1A00010F2C00000000000001 /* VestaPresentation.swift */; };
		1A00000F2C00000000000001 /* ConvexNoteSync.swift in Sources */ = {isa = PBXBuildFile; fileRef = 1A0001102C00000000000001 /* ConvexNoteSync.swift */; };
		1A0000102C00000000000001 /* ConvexMobile in Frameworks */ = {isa = PBXBuildFile; productRef = 1A000A042C00000000000001 /* ConvexMobile */; };
		1A0000112C00000000000001 /* GRDB in Frameworks */ = {isa = PBXBuildFile; productRef = 1A000A062C00000000000001 /* GRDB */; };
		1A0000122C00000000000001 /* VestaAuth.swift in Sources */ = {isa = PBXBuildFile; fileRef = 1A0001112C00000000000001 /* VestaAuth.swift */; };
		1A0000132C00000000000001 /* ClerkConvex in Frameworks */ = {isa = PBXBuildFile; productRef = 1A000A082C00000000000001 /* ClerkConvex */; };
		1A0000142C00000000000001 /* ClerkKit in Frameworks */ = {isa = PBXBuildFile; productRef = 1A000A0A2C00000000000001 /* ClerkKit */; };
		1A0000152C00000000000001 /* ClerkKitUI in Frameworks */ = {isa = PBXBuildFile; productRef = 1A000A0B2C00000000000001 /* ClerkKitUI */; };
		1A0000162C00000000000001 /* SettingsScreen.swift in Sources */ = {isa = PBXBuildFile; fileRef = 1A0001122C00000000000001 /* SettingsScreen.swift */; };
/* End PBXBuildFile section */

/* Begin PBXFileReference section */
		1A0001012C00000000000001 /* VestaApp.swift */ = {isa = PBXFileReference; lastKnownFileType = sourcecode.swift; path = VestaApp.swift; sourceTree = "<group>"; };
		1A0001022C00000000000001 /* ContentView.swift */ = {isa = PBXFileReference; lastKnownFileType = sourcecode.swift; path = ContentView.swift; sourceTree = "<group>"; };
		1A0001032C00000000000001 /* VestaAPI.swift */ = {isa = PBXFileReference; lastKnownFileType = sourcecode.swift; path = VestaAPI.swift; sourceTree = "<group>"; };
		1A0001042C00000000000001 /* LogVoiceIntent.swift */ = {isa = PBXFileReference; lastKnownFileType = sourcecode.swift; path = LogVoiceIntent.swift; sourceTree = "<group>"; };
		1A0001052C00000000000001 /* Info.plist */ = {isa = PBXFileReference; lastKnownFileType = text.plist.xml; path = Info.plist; sourceTree = "<group>"; };
		1A0001062C00000000000001 /* Vesta.app */ = {isa = PBXFileReference; explicitFileType = wrapper.application; includeInIndex = 0; path = Vesta.app; sourceTree = BUILT_PRODUCTS_DIR; };
		1A0001072C00000000000001 /* CalendarStats.swift */ = {isa = PBXFileReference; lastKnownFileType = sourcecode.swift; path = CalendarStats.swift; sourceTree = "<group>"; };
		1A0001082C00000000000001 /* VestaCaptureViewModel.swift */ = {isa = PBXFileReference; lastKnownFileType = sourcecode.swift; path = VestaCaptureViewModel.swift; sourceTree = "<group>"; };
		1A0001092C00000000000001 /* VestaTheme.swift */ = {isa = PBXFileReference; lastKnownFileType = sourcecode.swift; path = VestaTheme.swift; sourceTree = "<group>"; };
		1A00010B2C00000000000001 /* TopChrome.swift */ = {isa = PBXFileReference; lastKnownFileType = sourcecode.swift; path = TopChrome.swift; sourceTree = "<group>"; };
		1A00010C2C00000000000001 /* CaptureInputViews.swift */ = {isa = PBXFileReference; lastKnownFileType = sourcecode.swift; path = CaptureInputViews.swift; sourceTree = "<group>"; };
		1A00010D2C00000000000001 /* CaptureDetailSheet.swift */ = {isa = PBXFileReference; lastKnownFileType = sourcecode.swift; path = CaptureDetailSheet.swift; sourceTree = "<group>"; };
		1A00010E2C00000000000001 /* CalendarViews.swift */ = {isa = PBXFileReference; lastKnownFileType = sourcecode.swift; path = CalendarViews.swift; sourceTree = "<group>"; };
		1A00010F2C00000000000001 /* VestaPresentation.swift */ = {isa = PBXFileReference; lastKnownFileType = sourcecode.swift; path = VestaPresentation.swift; sourceTree = "<group>"; };
		1A0001102C00000000000001 /* ConvexNoteSync.swift */ = {isa = PBXFileReference; lastKnownFileType = sourcecode.swift; path = ConvexNoteSync.swift; sourceTree = "<group>"; };
		1A0001112C00000000000001 /* VestaAuth.swift */ = {isa = PBXFileReference; lastKnownFileType = sourcecode.swift; path = VestaAuth.swift; sourceTree = "<group>"; };
		1A0001122C00000000000001 /* SettingsScreen.swift */ = {isa = PBXFileReference; lastKnownFileType = sourcecode.swift; path = SettingsScreen.swift; sourceTree = "<group>"; };
/* End PBXFileReference section */

/* Begin PBXFrameworksBuildPhase section */
		1A0002012C00000000000001 /* Frameworks */ = {
			isa = PBXFrameworksBuildPhase;
			buildActionMask = 2147483647;
			files = (
				1A0000062C00000000000001 /* HorizonCalendar in Frameworks */,
				1A0000102C00000000000001 /* ConvexMobile in Frameworks */,
				1A0000112C00000000000001 /* GRDB in Frameworks */,
				1A0000132C00000000000001 /* ClerkConvex in Frameworks */,
				1A0000142C00000000000001 /* ClerkKit in Frameworks */,
				1A0000152C00000000000001 /* ClerkKitUI in Frameworks */,
			);
			runOnlyForDeploymentPostprocessing = 0;
		};
/* End PBXFrameworksBuildPhase section */

/* Begin PBXGroup section */
		1A0003012C00000000000001 = {
			isa = PBXGroup;
			children = (
				1A0003022C00000000000001 /* Vesta */,
				1A0003032C00000000000001 /* Products */,
			);
			sourceTree = "<group>";
		};
		1A0003022C00000000000001 /* Vesta */ = {
			isa = PBXGroup;
			children = (
				1A0001012C00000000000001 /* VestaApp.swift */,
				1A0001022C00000000000001 /* ContentView.swift */,
				1A0001082C00000000000001 /* VestaCaptureViewModel.swift */,
				1A0001102C00000000000001 /* ConvexNoteSync.swift */,
				1A0001032C00000000000001 /* VestaAPI.swift */,
				1A0001112C00000000000001 /* VestaAuth.swift */,
				1A0001042C00000000000001 /* LogVoiceIntent.swift */,
				1A0001072C00000000000001 /* CalendarStats.swift */,
				1A00010F2C00000000000001 /* VestaPresentation.swift */,
				1A00010E2C00000000000001 /* CalendarViews.swift */,
				1A0001122C00000000000001 /* SettingsScreen.swift */,
				1A00010D2C00000000000001 /* CaptureDetailSheet.swift */,
				1A00010C2C00000000000001 /* CaptureInputViews.swift */,
				1A00010B2C00000000000001 /* TopChrome.swift */,
				1A0001092C00000000000001 /* VestaTheme.swift */,
				1A0001052C00000000000001 /* Info.plist */,
			);
			path = Vesta;
			sourceTree = "<group>";
		};
		1A0003032C00000000000001 /* Products */ = {
			isa = PBXGroup;
			children = (
				1A0001062C00000000000001 /* Vesta.app */,
			);
			name = Products;
			sourceTree = "<group>";
		};
/* End PBXGroup section */

/* Begin PBXNativeTarget section */
		1A0004012C00000000000001 /* Vesta */ = {
			isa = PBXNativeTarget;
			buildConfigurationList = 1A0008012C00000000000001 /* Build configuration list for PBXNativeTarget "Vesta" */;
			buildPhases = (
				1A0005012C00000000000001 /* Sources */,
				1A0002012C00000000000001 /* Frameworks */,
				1A0005022C00000000000001 /* Resources */,
			);
			buildRules = (
			);
			dependencies = (
			);
			name = Vesta;
			packageProductDependencies = (
				1A000A022C00000000000001 /* HorizonCalendar */,
				1A000A042C00000000000001 /* ConvexMobile */,
				1A000A062C00000000000001 /* GRDB */,
				1A000A082C00000000000001 /* ClerkConvex */,
				1A000A0A2C00000000000001 /* ClerkKit */,
				1A000A0B2C00000000000001 /* ClerkKitUI */,
			);
			productName = Vesta;
			productReference = 1A0001062C00000000000001 /* Vesta.app */;
			productType = "com.apple.product-type.application";
		};
/* End PBXNativeTarget section */

/* Begin PBXProject section */
		1A0006012C00000000000001 /* Project object */ = {
			isa = PBXProject;
			attributes = {
				BuildIndependentTargetsInParallel = 1;
				LastSwiftUpdateCheck = 1600;
				LastUpgradeCheck = 1600;
				TargetAttributes = {
					1A0004012C00000000000001 = {
						CreatedOnToolsVersion = 16.0;
					};
				};
			};
			buildConfigurationList = 1A0007012C00000000000001 /* Build configuration list for PBXProject "Vesta" */;
			compatibilityVersion = "Xcode 14.0";
			developmentRegion = en;
			hasScannedForEncodings = 0;
			knownRegions = (
				en,
				Base,
			);
			mainGroup = 1A0003012C00000000000001;
			packageReferences = (
				1A000A012C00000000000001 /* XCRemoteSwiftPackageReference "HorizonCalendar" */,
				1A000A032C00000000000001 /* XCRemoteSwiftPackageReference "convex-swift" */,
				1A000A052C00000000000001 /* XCRemoteSwiftPackageReference "GRDB.swift" */,
				1A000A072C00000000000001 /* XCRemoteSwiftPackageReference "clerk-convex-swift" */,
				1A000A092C00000000000001 /* XCRemoteSwiftPackageReference "clerk-ios" */,
			);
			productRefGroup = 1A0003032C00000000000001 /* Products */;
			projectDirPath = "";
			projectRoot = "";
			targets = (
				1A0004012C00000000000001 /* Vesta */,
			);
		};
/* End PBXProject section */

/* Begin PBXResourcesBuildPhase section */
		1A0005022C00000000000001 /* Resources */ = {
			isa = PBXResourcesBuildPhase;
			buildActionMask = 2147483647;
			files = (
			);
			runOnlyForDeploymentPostprocessing = 0;
		};
/* End PBXResourcesBuildPhase section */

/* Begin PBXSourcesBuildPhase section */
		1A0005012C00000000000001 /* Sources */ = {
			isa = PBXSourcesBuildPhase;
			buildActionMask = 2147483647;
			files = (
				1A0000012C00000000000001 /* VestaApp.swift in Sources */,
				1A0000022C00000000000001 /* ContentView.swift in Sources */,
				1A0000032C00000000000001 /* VestaAPI.swift in Sources */,
				1A0000042C00000000000001 /* LogVoiceIntent.swift in Sources */,
				1A0000052C00000000000001 /* CalendarStats.swift in Sources */,
				1A0000072C00000000000001 /* VestaCaptureViewModel.swift in Sources */,
				1A0000082C00000000000001 /* VestaTheme.swift in Sources */,
				1A00000F2C00000000000001 /* ConvexNoteSync.swift in Sources */,
				1A0000122C00000000000001 /* VestaAuth.swift in Sources */,
				1A0000092C00000000000001 /* TopChrome.swift in Sources */,
				1A00000B2C00000000000001 /* CaptureInputViews.swift in Sources */,
				1A00000C2C00000000000001 /* CaptureDetailSheet.swift in Sources */,
				1A00000D2C00000000000001 /* CalendarViews.swift in Sources */,
				1A00000E2C00000000000001 /* VestaPresentation.swift in Sources */,
				1A0000162C00000000000001 /* SettingsScreen.swift in Sources */,
			);
			runOnlyForDeploymentPostprocessing = 0;
		};
/* End PBXSourcesBuildPhase section */

/* Begin XCBuildConfiguration section */
		1A0009012C00000000000001 /* Debug */ = {
			isa = XCBuildConfiguration;
			buildSettings = {
				ALWAYS_SEARCH_USER_PATHS = NO;
				CLANG_ANALYZER_NONNULL = YES;
				CLANG_CXX_LANGUAGE_STANDARD = "gnu++20";
				CLANG_ENABLE_MODULES = YES;
				CLANG_ENABLE_OBJC_ARC = YES;
				CLANG_WARN_BLOCK_CAPTURE_AUTORELEASING = YES;
				CLANG_WARN_BOOL_CONVERSION = YES;
				CLANG_WARN_COMMA = YES;
				CLANG_WARN_CONSTANT_CONVERSION = YES;
				CLANG_WARN_DEPRECATED_OBJC_IMPLEMENTATIONS = YES;
				CLANG_WARN_DIRECT_OBJC_ISA_USAGE = YES_ERROR;
				CLANG_WARN_EMPTY_BODY = YES;
				CLANG_WARN_ENUM_CONVERSION = YES;
				CLANG_WARN_INFINITE_RECURSION = YES;
				CLANG_WARN_INT_CONVERSION = YES;
				CLANG_WARN_NON_LITERAL_NULL_CONVERSION = YES;
				CLANG_WARN_OBJC_IMPLICIT_RETAIN_SELF = YES;
				CLANG_WARN_OBJC_LITERAL_CONVERSION = YES;
				CLANG_WARN_OBJC_ROOT_CLASS = YES_ERROR;
				CLANG_WARN_QUOTED_INCLUDE_IN_FRAMEWORK_HEADER = YES;
				CLANG_WARN_RANGE_LOOP_ANALYSIS = YES;
				CLANG_WARN_STRICT_PROTOTYPES = YES;
				CLANG_WARN_SUSPICIOUS_MOVE = YES;
				CLANG_WARN_UNREACHABLE_CODE = YES;
				CLANG_WARN__DUPLICATE_METHOD_MATCH = YES;
				COPY_PHASE_STRIP = NO;
				DEBUG_INFORMATION_FORMAT = dwarf;
				ENABLE_STRICT_OBJC_MSGSEND = YES;
				ENABLE_TESTABILITY = YES;
				GCC_C_LANGUAGE_STANDARD = gnu17;
				GCC_DYNAMIC_NO_PIC = NO;
				GCC_NO_COMMON_BLOCKS = YES;
				GCC_OPTIMIZATION_LEVEL = 0;
				GCC_PREPROCESSOR_DEFINITIONS = (
					"DEBUG=1",
					"$(inherited)",
				);
				GCC_WARN_64_TO_32_BIT_CONVERSION = YES;
				GCC_WARN_ABOUT_RETURN_TYPE = YES_ERROR;
				GCC_WARN_UNDECLARED_SELECTOR = YES;
				GCC_WARN_UNINITIALIZED_AUTOS = YES_AGGRESSIVE;
				GCC_WARN_UNUSED_FUNCTION = YES;
				GCC_WARN_UNUSED_VARIABLE = YES;
				IPHONEOS_DEPLOYMENT_TARGET = 17.0;
				MTL_ENABLE_DEBUG_INFO = INCLUDE_SOURCE;
				MTL_FAST_MATH = YES;
				ONLY_ACTIVE_ARCH = YES;
				SDKROOT = iphoneos;
				SWIFT_ACTIVE_COMPILATION_CONDITIONS = DEBUG;
				SWIFT_OPTIMIZATION_LEVEL = "-Onone";
			};
			name = Debug;
		};
		1A0009022C00000000000001 /* Release */ = {
			isa = XCBuildConfiguration;
			buildSettings = {
				ALWAYS_SEARCH_USER_PATHS = NO;
				CLANG_ANALYZER_NONNULL = YES;
				CLANG_CXX_LANGUAGE_STANDARD = "gnu++20";
				CLANG_ENABLE_MODULES = YES;
				CLANG_ENABLE_OBJC_ARC = YES;
				CLANG_WARN_BLOCK_CAPTURE_AUTORELEASING = YES;
				CLANG_WARN_BOOL_CONVERSION = YES;
				CLANG_WARN_COMMA = YES;
				CLANG_WARN_CONSTANT_CONVERSION = YES;
				CLANG_WARN_DEPRECATED_OBJC_IMPLEMENTATIONS = YES;
				CLANG_WARN_DIRECT_OBJC_ISA_USAGE = YES_ERROR;
				CLANG_WARN_EMPTY_BODY = YES;
				CLANG_WARN_ENUM_CONVERSION = YES;
				CLANG_WARN_INFINITE_RECURSION = YES;
				CLANG_WARN_INT_CONVERSION = YES;
				CLANG_WARN_NON_LITERAL_NULL_CONVERSION = YES;
				CLANG_WARN_OBJC_IMPLICIT_RETAIN_SELF = YES;
				CLANG_WARN_OBJC_LITERAL_CONVERSION = YES;
				CLANG_WARN_OBJC_ROOT_CLASS = YES_ERROR;
				CLANG_WARN_QUOTED_INCLUDE_IN_FRAMEWORK_HEADER = YES;
				CLANG_WARN_RANGE_LOOP_ANALYSIS = YES;
				CLANG_WARN_STRICT_PROTOTYPES = YES;
				CLANG_WARN_SUSPICIOUS_MOVE = YES;
				CLANG_WARN_UNREACHABLE_CODE = YES;
				CLANG_WARN__DUPLICATE_METHOD_MATCH = YES;
				COPY_PHASE_STRIP = NO;
				DEBUG_INFORMATION_FORMAT = "dwarf-with-dsym";
				ENABLE_NS_ASSERTIONS = NO;
				ENABLE_STRICT_OBJC_MSGSEND = YES;
				GCC_C_LANGUAGE_STANDARD = gnu17;
				GCC_NO_COMMON_BLOCKS = YES;
				GCC_WARN_64_TO_32_BIT_CONVERSION = YES;
				GCC_WARN_ABOUT_RETURN_TYPE = YES_ERROR;
				GCC_WARN_UNDECLARED_SELECTOR = YES;
				GCC_WARN_UNINITIALIZED_AUTOS = YES_AGGRESSIVE;
				GCC_WARN_UNUSED_FUNCTION = YES;
				GCC_WARN_UNUSED_VARIABLE = YES;
				IPHONEOS_DEPLOYMENT_TARGET = 17.0;
				MTL_ENABLE_DEBUG_INFO = NO;
				MTL_FAST_MATH = YES;
				SDKROOT = iphoneos;
				SWIFT_COMPILATION_MODE = wholemodule;
				VALIDATE_PRODUCT = YES;
			};
			name = Release;
		};
		1A0009032C00000000000001 /* Debug */ = {
			isa = XCBuildConfiguration;
			buildSettings = {
				CODE_SIGN_STYLE = Automatic;
				CLERK_PUBLISHABLE_KEY = "pk_test_dWx0aW1hdGUta2l3aS05Mi5jbGVyay5hY2NvdW50cy5kZXYk";
				CURRENT_PROJECT_VERSION = 1;
				DEVELOPMENT_ASSET_PATHS = "";
				DEVELOPMENT_TEAM = Z6N7K8C5FZ;
				ENABLE_PREVIEWS = YES;
				"EXCLUDED_ARCHS[sdk=iphonesimulator*]" = x86_64;
				GENERATE_INFOPLIST_FILE = NO;
				INFOPLIST_FILE = Vesta/Info.plist;
				LD_RUNPATH_SEARCH_PATHS = (
					"$(inherited)",
					"@executable_path/Frameworks",
				);
				MARKETING_VERSION = 1.0;
				PRODUCT_BUNDLE_IDENTIFIER = app.vesta.ios;
				PRODUCT_NAME = "$(TARGET_NAME)";
				SUPPORTED_PLATFORMS = "iphoneos iphonesimulator";
				SUPPORTS_MACCATALYST = NO;
				SWIFT_EMIT_LOC_STRINGS = YES;
				SWIFT_VERSION = 5.0;
				TARGETED_DEVICE_FAMILY = "1,2";
			};
			name = Debug;
		};
		1A0009042C00000000000001 /* Release */ = {
			isa = XCBuildConfiguration;
			buildSettings = {
				CODE_SIGN_STYLE = Automatic;
				CLERK_PUBLISHABLE_KEY = "pk_test_dWx0aW1hdGUta2l3aS05Mi5jbGVyay5hY2NvdW50cy5kZXYk";
				CURRENT_PROJECT_VERSION = 1;
				DEVELOPMENT_ASSET_PATHS = "";
				DEVELOPMENT_TEAM = Z6N7K8C5FZ;
				ENABLE_PREVIEWS = YES;
				"EXCLUDED_ARCHS[sdk=iphonesimulator*]" = x86_64;
				GENERATE_INFOPLIST_FILE = NO;
				INFOPLIST_FILE = Vesta/Info.plist;
				LD_RUNPATH_SEARCH_PATHS = (
					"$(inherited)",
					"@executable_path/Frameworks",
				);
				MARKETING_VERSION = 1.0;
				PRODUCT_BUNDLE_IDENTIFIER = app.vesta.ios;
				PRODUCT_NAME = "$(TARGET_NAME)";
				SUPPORTED_PLATFORMS = "iphoneos iphonesimulator";
				SUPPORTS_MACCATALYST = NO;
				SWIFT_EMIT_LOC_STRINGS = YES;
				SWIFT_VERSION = 5.0;
				TARGETED_DEVICE_FAMILY = "1,2";
				VALIDATE_PRODUCT = YES;
			};
			name = Release;
		};
/* End XCBuildConfiguration section */

/* Begin XCConfigurationList section */
		1A0007012C00000000000001 /* Build configuration list for PBXProject "Vesta" */ = {
			isa = XCConfigurationList;
			buildConfigurations = (
				1A0009012C00000000000001 /* Debug */,
				1A0009022C00000000000001 /* Release */,
			);
			defaultConfigurationIsVisible = 0;
			defaultConfigurationName = Release;
		};
		1A0008012C00000000000001 /* Build configuration list for PBXNativeTarget "Vesta" */ = {
			isa = XCConfigurationList;
			buildConfigurations = (
				1A0009032C00000000000001 /* Debug */,
				1A0009042C00000000000001 /* Release */,
			);
			defaultConfigurationIsVisible = 0;
			defaultConfigurationName = Release;
		};
/* End XCConfigurationList section */

/* Begin XCRemoteSwiftPackageReference section */
		1A000A012C00000000000001 /* XCRemoteSwiftPackageReference "HorizonCalendar" */ = {
			isa = XCRemoteSwiftPackageReference;
			repositoryURL = "https://github.com/airbnb/HorizonCalendar.git";
			requirement = {
				kind = upToNextMajorVersion;
				minimumVersion = 2.0.0;
			};
		};
		1A000A032C00000000000001 /* XCRemoteSwiftPackageReference "convex-swift" */ = {
			isa = XCRemoteSwiftPackageReference;
			repositoryURL = "https://github.com/get-convex/convex-swift";
			requirement = {
				kind = upToNextMajorVersion;
				minimumVersion = 0.8.1;
			};
		};
		1A000A052C00000000000001 /* XCRemoteSwiftPackageReference "GRDB.swift" */ = {
			isa = XCRemoteSwiftPackageReference;
			repositoryURL = "https://github.com/groue/GRDB.swift.git";
			requirement = {
				kind = upToNextMajorVersion;
				minimumVersion = 7.5.0;
			};
		};
		1A000A072C00000000000001 /* XCRemoteSwiftPackageReference "clerk-convex-swift" */ = {
			isa = XCRemoteSwiftPackageReference;
			repositoryURL = "https://github.com/clerk/clerk-convex-swift";
			requirement = {
				kind = upToNextMajorVersion;
				minimumVersion = 0.1.0;
			};
		};
		1A000A092C00000000000001 /* XCRemoteSwiftPackageReference "clerk-ios" */ = {
			isa = XCRemoteSwiftPackageReference;
			repositoryURL = "https://github.com/clerk/clerk-ios";
			requirement = {
				kind = upToNextMajorVersion;
				minimumVersion = 1.2.0;
			};
		};
/* End XCRemoteSwiftPackageReference section */

/* Begin XCSwiftPackageProductDependency section */
		1A000A022C00000000000001 /* HorizonCalendar */ = {
			isa = XCSwiftPackageProductDependency;
			package = 1A000A012C00000000000001 /* XCRemoteSwiftPackageReference "HorizonCalendar" */;
			productName = HorizonCalendar;
		};
		1A000A042C00000000000001 /* ConvexMobile */ = {
			isa = XCSwiftPackageProductDependency;
			package = 1A000A032C00000000000001 /* XCRemoteSwiftPackageReference "convex-swift" */;
			productName = ConvexMobile;
		};
		1A000A062C00000000000001 /* GRDB */ = {
			isa = XCSwiftPackageProductDependency;
			package = 1A000A052C00000000000001 /* XCRemoteSwiftPackageReference "GRDB.swift" */;
			productName = GRDB;
		};
		1A000A082C00000000000001 /* ClerkConvex */ = {
			isa = XCSwiftPackageProductDependency;
			package = 1A000A072C00000000000001 /* XCRemoteSwiftPackageReference "clerk-convex-swift" */;
			productName = ClerkConvex;
		};
		1A000A0A2C00000000000001 /* ClerkKit */ = {
			isa = XCSwiftPackageProductDependency;
			package = 1A000A092C00000000000001 /* XCRemoteSwiftPackageReference "clerk-ios" */;
			productName = ClerkKit;
		};
		1A000A0B2C00000000000001 /* ClerkKitUI */ = {
			isa = XCSwiftPackageProductDependency;
			package = 1A000A092C00000000000001 /* XCRemoteSwiftPackageReference "clerk-ios" */;
			productName = ClerkKitUI;
		};
/* End XCSwiftPackageProductDependency section */
	};
	rootObject = 1A0006012C00000000000001 /* Project object */;
}
